
Microsoft Visual Studio Solution File, Format Version 12.00
# Visual Studio Version 17
VisualStudioVersion = 17.9.34728.123
MinimumVisualStudioVersion = 10.0.40219.1
Project("{FAE04EC0-301F-11D3-BF4B-00C04F79EFBC}") = "ex12_lambdas", "ex12_lambdas\ex12_lambdas.csproj", "{96384904-8845-421C-9FD5-D34279407C3D}"
EndProject
Project("{FAE04EC0-301F-11D3-BF4B-00C04F79EFBC}") = "ex13_linqs", "ex13_LinQ\ex13_linqs.csproj", "{876F7B78-3071-468A-9813-E563ECEFD94C}"
EndProject
Global
	GlobalSection(SolutionConfigurationPlatforms) = preSolution
		Debug|Any CPU = Debug|Any CPU
		Release|Any CPU = Release|Any CPU
	EndGlobalSection
	GlobalSection(ProjectConfigurationPlatforms) = postSolution
		{96384904-8845-421C-9FD5-D34279407C3D}.Debug|Any CPU.ActiveCfg = Debug|Any CPU
		{96384904-8845-421C-9FD5-D34279407C3D}.Debug|Any CPU.Build.0 = Debug|Any CPU
		{96384904-8845-421C-9FD5-D34279407C3D}.Release|Any CPU.ActiveCfg = Release|Any CPU
		{96384904-8845-421C-9FD5-D34279407C3D}.Release|Any CPU.Build.0 = Release|Any CPU
		{876F7B78-3071-468A-9813-E563ECEFD94C}.Debug|Any CPU.ActiveCfg = Debug|Any CPU
		{876F7B78-3071-468A-9813-E563ECEFD94C}.Debug|Any CPU.Build.0 = Debug|Any CPU
		{876F7B78-3071-468A-9813-E563ECEFD94C}.Release|Any CPU.ActiveCfg = Release|Any CPU
		{876F7B78-3071-468A-9813-E563ECEFD94C}.Release|Any CPU.Build.0 = Release|Any CPU
	EndGlobalSection
	GlobalSection(SolutionProperties) = preSolution
		HideSolutionNode = FALSE
	EndGlobalSection
	GlobalSection(ExtensibilityGlobals) = postSolution
		SolutionGuid = {DD058233-E1E2-47DD-9022-2E0CB1D269C3}
	EndGlobalSection
EndGlobal
