
Microsoft Visual Studio Solution File, Format Version 12.00
# Visual Studio Version 17
VisualStudioVersion = 17.9.34728.123
MinimumVisualStudioVersion = 10.0.40219.1
Project("{FAE04EC0-301F-11D3-BF4B-00C04F79EFBC}") = "MyExplorer", "MyExplorer\MyExplorer.csproj", "{5724402A-80E1-49A7-A19D-169CA5B82607}"
EndProject
Global
	GlobalSection(SolutionConfigurationPlatforms) = preSolution
		Debug|Any CPU = Debug|Any CPU
		Release|Any CPU = Release|Any CPU
	EndGlobalSection
	GlobalSection(ProjectConfigurationPlatforms) = postSolution
		{5724402A-80E1-49A7-A19D-169CA5B82607}.Debug|Any CPU.ActiveCfg = Debug|Any CPU
		{5724402A-80E1-49A7-A19D-169CA5B82607}.Debug|Any CPU.Build.0 = Debug|Any CPU
		{5724402A-80E1-49A7-A19D-169CA5B82607}.Release|Any CPU.ActiveCfg = Release|Any CPU
		{5724402A-80E1-49A7-A19D-169CA5B82607}.Release|Any CPU.Build.0 = Release|Any CPU
	EndGlobalSection
	GlobalSection(SolutionProperties) = preSolution
		HideSolutionNode = FALSE
	EndGlobalSection
	GlobalSection(ExtensibilityGlobals) = postSolution
		SolutionGuid = {6174B7EE-3167-409B-8B7B-14ED8FEE26A1}
	EndGlobalSection
EndGlobal
